PODS:
  - URBNAlert (3.0):
    - URBNSwiftyConvenience (~> 1.5.0)
  - URBNSwiftyConvenience (1.5.0)

DEPENDENCIES:
  - URBNAlert (from `../`)

SPEC REPOS:
  https://github.com/cocoapods/specs.git:
    - URBNSwiftyConvenience

EXTERNAL SOURCES:
  URBNAlert:
    :path: "../"

SPEC CHECKSUMS:
  URBNAlert: 6663c4a1f9862c608c7368ddda4b93eb3543118d
  URBNSwiftyConvenience: 6f35fa8fa3bd52d2efeedc67ff056320eac171e8

PODFILE CHECKSUM: 87e3881e2b100a66f2819cf0b176b293a7deaf61

COCOAPODS: 1.5.3
