PODS:
  - URBNAlert (3.0):
    - URBNSwiftyConvenience (~> 1.0)
  - URBNSwiftyConvenience (1.4.0)

DEPENDENCIES:
  - URBNAlert (from `../`)

SPEC REPOS:
  https://github.com/cocoapods/specs.git:
    - URBNSwiftyConvenience

EXTERNAL SOURCES:
  URBNAlert:
    :path: "../"

SPEC CHECKSUMS:
  URBNAlert: cf9b096558e94fb6963d6291135b114eed6c9068
  URBNSwiftyConvenience: 7dbe6eb2cd76755f48864640a8c7f4fada45667b

PODFILE CHECKSUM: f564a2f0e23561d571b612d4a88345eba971424e

COCOAPODS: 1.5.3
